schema: '2.0'
stages:
  finetune:
    cmd: python scripts/finetune.py
    deps:
    - path: ai-vs-human-generated-dataset-hw/Train_2
      hash: md5
      md5: cd8edb58d893e35241fdf8fbf6049229.dir
      size: 229344118
      nfiles: 3998
    - path: models/model_v1.pth
      hash: md5
      md5: ae59446454f3920c3b3ffd68e8cd49cf
      size: 44787787
    - path: scripts/finetune.py
      hash: md5
      md5: dfba03e8954cd30e5ab6ad872ba79d66
      size: 4105
    params:
      params.yaml:
        finetune.batch_size: 32
        finetune.lr: 0.0001
        finetune.num_epochs: 2
    outs:
    - path: metrics/finetune_metrics.json
      hash: md5
      md5: 87f5938ace350aa0be41099048474319
      size: 98
    - path: models/model_v2.pth
      hash: md5
      md5: 28c9a3a5dbf676763bc54569b7871bdf
      size: 44787787
  evaluate:
    cmd: python scripts/evaluate.py
    deps:
    - path: ai-vs-human-generated-dataset-hw/Test_2
      hash: md5
      md5: be5492c21e2dec84056e1599a807ccd1.dir
      size: 114391042
      nfiles: 2001
    - path: models/model_v2.pth
      hash: md5
      md5: 28c9a3a5dbf676763bc54569b7871bdf
      size: 44787787
    - path: scripts/evaluate.py
      hash: md5
      md5: 42d60dedfd83eedc3705259f2c4cbff2
      size: 3181
    params:
      params.yaml:
        evaluate.batch_size: 32
    outs:
    - path: metrics/test_metrics.json
      hash: md5
      md5: 8e332c8cc161bf84374299f98dbcefb2
      size: 136
